
Microsoft Visual Studio Solution File, Format Version 12.00
# Visual Studio Version 17
VisualStudioVersion = 17.12.35521.163
MinimumVisualStudioVersion = 10.0.40219.1
Project("{FAE04EC0-301F-11D3-BF4B-00C04F79EFBC}") = "Assessment try", "Assessment try.csproj", "{5698FC59-61B1-47BA-86A8-0C997FCA1E22}"
EndProject
Global
	GlobalSection(SolutionConfigurationPlatforms) = preSolution
		Debug|Any CPU = Debug|Any CPU
		Release|Any CPU = Release|Any CPU
	EndGlobalSection
	GlobalSection(ProjectConfigurationPlatforms) = postSolution
		{5698FC59-61B1-47BA-86A8-0C997FCA1E22}.Debug|Any CPU.ActiveCfg = Debug|Any CPU
		{5698FC59-61B1-47BA-86A8-0C997FCA1E22}.Debug|Any CPU.Build.0 = Debug|Any CPU
		{5698FC59-61B1-47BA-86A8-0C997FCA1E22}.Release|Any CPU.ActiveCfg = Release|Any CPU
		{5698FC59-61B1-47BA-86A8-0C997FCA1E22}.Release|Any CPU.Build.0 = Release|Any CPU
	EndGlobalSection
	GlobalSection(SolutionProperties) = preSolution
		HideSolutionNode = FALSE
	EndGlobalSection
EndGlobal
